version = 1
revision = 2
requires-python = ">=3.13"

[[package]]
name = "asttokens"
version = "3.0.0"
source = { registry = "https://pypi.org/simple" }
sdist = { url = "https://files.pythonhosted.org/packages/4a/e7/82da0a03e7ba5141f05cce0d302e6eed121ae055e0456ca228bf693984bc/asttokens-3.0.0.tar.gz", hash = "sha256:0dcd8baa8d62b0c1d118b399b2ddba3c4aff271d0d7a9e0d4c1681c79035bbc7", size = 61978, upload-time = "2024-11-30T04:30:14.439Z" }
wheels = [
    { url = "https://files.pythonhosted.org/packages/25/8a/c46dcc25341b5bce5472c718902eb3d38600a903b14fa6aeecef3f21a46f/asttokens-3.0.0-py3-none-any.whl", hash = "sha256:e3078351a059199dd5138cb1c706e6430c05eff2ff136af5eb4790f9d28932e2", size = 26918, upload-time = "2024-11-30T04:30:10.946Z" },
]

[[package]]
name = "certifi"
version = "2025.6.15"
source = { registry = "https://pypi.org/simple" }
sdist = { url = "https://files.pythonhosted.org/packages/73/f7/f14b46d4bcd21092d7d3ccef689615220d8a08fb25e564b65d20738e672e/certifi-2025.6.15.tar.gz", hash = "sha256:d747aa5a8b9bbbb1bb8c22bb13e22bd1f18e9796defa16bab421f7f7a317323b", size = 158753, upload-time = "2025-06-15T02:45:51.329Z" }
wheels = [
    { url = "https://files.pythonhosted.org/packages/84/ae/320161bd181fc06471eed047ecce67b693fd7515b16d495d8932db763426/certifi-2025.6.15-py3-none-any.whl", hash = "sha256:2e0c7ce7cb5d8f8634ca55d2ba7e6ec2689a2fd6537d8dec1296a477a4910057", size = 157650, upload-time = "2025-06-15T02:45:49.977Z" },
]

[[package]]
name = "charset-normalizer"
version = "3.4.2"
source = { registry = "https://pypi.org/simple" }
sdist = { url = "https://files.pythonhosted.org/packages/e4/33/89c2ced2b67d1c2a61c19c6751aa8902d46ce3dacb23600a283619f5a12d/charset_normalizer-3.4.2.tar.gz", hash = "sha256:5baececa9ecba31eff645232d59845c07aa030f0c81ee70184a90d35099a0e63", size = 126367, upload-time = "2025-05-02T08:34:42.01Z" }
wheels = [
    { url = "https://files.pythonhosted.org/packages/ea/12/a93df3366ed32db1d907d7593a94f1fe6293903e3e92967bebd6950ed12c/charset_normalizer-3.4.2-cp313-cp313-macosx_10_13_universal2.whl", hash = "sha256:926ca93accd5d36ccdabd803392ddc3e03e6d4cd1cf17deff3b989ab8e9dbcf0", size = 199622, upload-time = "2025-05-02T08:32:56.363Z" },
    { url = "https://files.pythonhosted.org/packages/04/93/bf204e6f344c39d9937d3c13c8cd5bbfc266472e51fc8c07cb7f64fcd2de/charset_normalizer-3.4.2-cp313-cp313-manylinux_2_17_aarch64.manylinux2014_aarch64.whl", hash = "sha256:eba9904b0f38a143592d9fc0e19e2df0fa2e41c3c3745554761c5f6447eedabf", size = 143435, upload-time = "2025-05-02T08:32:58.551Z" },
    { url = "https://files.pythonhosted.org/packages/22/2a/ea8a2095b0bafa6c5b5a55ffdc2f924455233ee7b91c69b7edfcc9e02284/charset_normalizer-3.4.2-cp313-cp313-manylinux_2_17_ppc64le.manylinux2014_ppc64le.whl", hash = "sha256:3fddb7e2c84ac87ac3a947cb4e66d143ca5863ef48e4a5ecb83bd48619e4634e", size = 153653, upload-time = "2025-05-02T08:33:00.342Z" },
    { url = "https://files.pythonhosted.org/packages/b6/57/1b090ff183d13cef485dfbe272e2fe57622a76694061353c59da52c9a659/charset_normalizer-3.4.2-cp313-cp313-manylinux_2_17_s390x.manylinux2014_s390x.whl", hash = "sha256:98f862da73774290f251b9df8d11161b6cf25b599a66baf087c1ffe340e9bfd1", size = 146231, upload-time = "2025-05-02T08:33:02.081Z" },
    { url = "https://files.pythonhosted.org/packages/e2/28/ffc026b26f441fc67bd21ab7f03b313ab3fe46714a14b516f931abe1a2d8/charset_normalizer-3.4.2-cp313-cp313-manylinux_2_17_x86_64.manylinux2014_x86_64.whl", hash = "sha256:6c9379d65defcab82d07b2a9dfbfc2e95bc8fe0ebb1b176a3190230a3ef0e07c", size = 148243, upload-time = "2025-05-02T08:33:04.063Z" },
    { url = "https://files.pythonhosted.org/packages/c0/0f/9abe9bd191629c33e69e47c6ef45ef99773320e9ad8e9cb08b8ab4a8d4cb/charset_normalizer-3.4.2-cp313-cp313-manylinux_2_5_i686.manylinux1_i686.manylinux_2_17_i686.manylinux2014_i686.whl", hash = "sha256:e635b87f01ebc977342e2697d05b56632f5f879a4f15955dfe8cef2448b51691", size = 150442, upload-time = "2025-05-02T08:33:06.418Z" },
    { url = "https://files.pythonhosted.org/packages/67/7c/a123bbcedca91d5916c056407f89a7f5e8fdfce12ba825d7d6b9954a1a3c/charset_normalizer-3.4.2-cp313-cp313-musllinux_1_2_aarch64.whl", hash = "sha256:1c95a1e2902a8b722868587c0e1184ad5c55631de5afc0eb96bc4b0d738092c0", size = 145147, upload-time = "2025-05-02T08:33:08.183Z" },
    { url = "https://files.pythonhosted.org/packages/ec/fe/1ac556fa4899d967b83e9893788e86b6af4d83e4726511eaaad035e36595/charset_normalizer-3.4.2-cp313-cp313-musllinux_1_2_i686.whl", hash = "sha256:ef8de666d6179b009dce7bcb2ad4c4a779f113f12caf8dc77f0162c29d20490b", size = 153057, upload-time = "2025-05-02T08:33:09.986Z" },
    { url = "https://files.pythonhosted.org/packages/2b/ff/acfc0b0a70b19e3e54febdd5301a98b72fa07635e56f24f60502e954c461/charset_normalizer-3.4.2-cp313-cp313-musllinux_1_2_ppc64le.whl", hash = "sha256:32fc0341d72e0f73f80acb0a2c94216bd704f4f0bce10aedea38f30502b271ff", size = 156454, upload-time = "2025-05-02T08:33:11.814Z" },
    { url = "https://files.pythonhosted.org/packages/92/08/95b458ce9c740d0645feb0e96cea1f5ec946ea9c580a94adfe0b617f3573/charset_normalizer-3.4.2-cp313-cp313-musllinux_1_2_s390x.whl", hash = "sha256:289200a18fa698949d2b39c671c2cc7a24d44096784e76614899a7ccf2574b7b", size = 154174, upload-time = "2025-05-02T08:33:13.707Z" },
    { url = "https://files.pythonhosted.org/packages/78/be/8392efc43487ac051eee6c36d5fbd63032d78f7728cb37aebcc98191f1ff/charset_normalizer-3.4.2-cp313-cp313-musllinux_1_2_x86_64.whl", hash = "sha256:4a476b06fbcf359ad25d34a057b7219281286ae2477cc5ff5e3f70a246971148", size = 149166, upload-time = "2025-05-02T08:33:15.458Z" },
    { url = "https://files.pythonhosted.org/packages/44/96/392abd49b094d30b91d9fbda6a69519e95802250b777841cf3bda8fe136c/charset_normalizer-3.4.2-cp313-cp313-win32.whl", hash = "sha256:aaeeb6a479c7667fbe1099af9617c83aaca22182d6cf8c53966491a0f1b7ffb7", size = 98064, upload-time = "2025-05-02T08:33:17.06Z" },
    { url = "https://files.pythonhosted.org/packages/e9/b0/0200da600134e001d91851ddc797809e2fe0ea72de90e09bec5a2fbdaccb/charset_normalizer-3.4.2-cp313-cp313-win_amd64.whl", hash = "sha256:aa6af9e7d59f9c12b33ae4e9450619cf2488e2bbe9b44030905877f0b2324980", size = 105641, upload-time = "2025-05-02T08:33:18.753Z" },
    { url = "https://files.pythonhosted.org/packages/20/94/c5790835a017658cbfabd07f3bfb549140c3ac458cfc196323996b10095a/charset_normalizer-3.4.2-py3-none-any.whl", hash = "sha256:7f56930ab0abd1c45cd15be65cc741c28b1c9a34876ce8c17a2fa107810c0af0", size = 52626, upload-time = "2025-05-02T08:34:40.053Z" },
]

[[package]]
name = "colorama"
version = "0.4.6"
source = { registry = "https://pypi.org/simple" }
sdist = { url = "https://files.pythonhosted.org/packages/d8/53/6f443c9a4a8358a93a6792e2acffb9d9d5cb0a5cfd8802644b7b1c9a02e4/colorama-0.4.6.tar.gz", hash = "sha256:08695f5cb7ed6e0531a20572697297273c47b8cae5a63ffc6d6ed5c201be6e44", size = 27697, upload-time = "2022-10-25T02:36:22.414Z" }
wheels = [
    { url = "https://files.pythonhosted.org/packages/d1/d6/3965ed04c63042e047cb6a3e6ed1a63a35087b6a609aa3a15ed8ac56c221/colorama-0.4.6-py2.py3-none-any.whl", hash = "sha256:4f1d9991f5acc0ca119f9d443620b77f9d6b33703e51011c16baf57afb285fc6", size = 25335, upload-time = "2022-10-25T02:36:20.889Z" },
]

[[package]]
name = "datamart-scripts"
version = "0.1.0"
source = { virtual = "." }
dependencies = [
    { name = "icecream" },
    { name = "numpy" },
    { name = "openpyxl" },
    { name = "pandas" },
    { name = "psycopg2" },
    { name = "requests" },
    { name = "sqlalchemy" },
    { name = "tqdm" },
    { name = "xlsxwriter" },
]

[package.metadata]
requires-dist = [
    { name = "icecream" },
    { name = "numpy" },
    { name = "openpyxl" },
    { name = "pandas" },
    { name = "psycopg2" },
    { name = "requests" },
    { name = "sqlalchemy" },
    { name = "tqdm", specifier = ">=4.67.1" },
    { name = "xlsxwriter", specifier = ">=3.2.5" },
]

[[package]]
name = "et-xmlfile"
version = "2.0.0"
source = { registry = "https://pypi.org/simple" }
sdist = { url = "https://files.pythonhosted.org/packages/d3/38/af70d7ab1ae9d4da450eeec1fa3918940a5fafb9055e934af8d6eb0c2313/et_xmlfile-2.0.0.tar.gz", hash = "sha256:dab3f4764309081ce75662649be815c4c9081e88f0837825f90fd28317d4da54", size = 17234, upload-time = "2024-10-25T17:25:40.039Z" }
wheels = [
    { url = "https://files.pythonhosted.org/packages/c1/8b/5fe2cc11fee489817272089c4203e679c63b570a5aaeb18d852ae3cbba6a/et_xmlfile-2.0.0-py3-none-any.whl", hash = "sha256:7a91720bc756843502c3b7504c77b8fe44217c85c537d85037f0f536151b2caa", size = 18059, upload-time = "2024-10-25T17:25:39.051Z" },
]

[[package]]
name = "executing"
version = "2.2.0"
source = { registry = "https://pypi.org/simple" }
sdist = { url = "https://files.pythonhosted.org/packages/91/50/a9d80c47ff289c611ff12e63f7c5d13942c65d68125160cefd768c73e6e4/executing-2.2.0.tar.gz", hash = "sha256:5d108c028108fe2551d1a7b2e8b713341e2cb4fc0aa7dcf966fa4327a5226755", size = 978693, upload-time = "2025-01-22T15:41:29.403Z" }
wheels = [
    { url = "https://files.pythonhosted.org/packages/7b/8f/c4d9bafc34ad7ad5d8dc16dd1347ee0e507a52c3adb6bfa8887e1c6a26ba/executing-2.2.0-py2.py3-none-any.whl", hash = "sha256:11387150cad388d62750327a53d3339fad4888b39a6fe233c3afbb54ecffd3aa", size = 26702, upload-time = "2025-01-22T15:41:25.929Z" },
]

[[package]]
name = "greenlet"
version = "3.2.3"
source = { registry = "https://pypi.org/simple" }
sdist = { url = "https://files.pythonhosted.org/packages/c9/92/bb85bd6e80148a4d2e0c59f7c0c2891029f8fd510183afc7d8d2feeed9b6/greenlet-3.2.3.tar.gz", hash = "sha256:8b0dd8ae4c0d6f5e54ee55ba935eeb3d735a9b58a8a1e5b5cbab64e01a39f365", size = 185752, upload-time = "2025-06-05T16:16:09.955Z" }
wheels = [
    { url = "https://files.pythonhosted.org/packages/b1/cf/f5c0b23309070ae93de75c90d29300751a5aacefc0a3ed1b1d8edb28f08b/greenlet-3.2.3-cp313-cp313-macosx_11_0_universal2.whl", hash = "sha256:500b8689aa9dd1ab26872a34084503aeddefcb438e2e7317b89b11eaea1901ad", size = 270732, upload-time = "2025-06-05T16:10:08.26Z" },
    { url = "https://files.pythonhosted.org/packages/48/ae/91a957ba60482d3fecf9be49bc3948f341d706b52ddb9d83a70d42abd498/greenlet-3.2.3-cp313-cp313-manylinux2014_aarch64.manylinux_2_17_aarch64.whl", hash = "sha256:a07d3472c2a93117af3b0136f246b2833fdc0b542d4a9799ae5f41c28323faef", size = 639033, upload-time = "2025-06-05T16:38:53.983Z" },
    { url = "https://files.pythonhosted.org/packages/6f/df/20ffa66dd5a7a7beffa6451bdb7400d66251374ab40b99981478c69a67a8/greenlet-3.2.3-cp313-cp313-manylinux2014_ppc64le.manylinux_2_17_ppc64le.whl", hash = "sha256:8704b3768d2f51150626962f4b9a9e4a17d2e37c8a8d9867bbd9fa4eb938d3b3", size = 652999, upload-time = "2025-06-05T16:41:37.89Z" },
    { url = "https://files.pythonhosted.org/packages/51/b4/ebb2c8cb41e521f1d72bf0465f2f9a2fd803f674a88db228887e6847077e/greenlet-3.2.3-cp313-cp313-manylinux2014_s390x.manylinux_2_17_s390x.whl", hash = "sha256:5035d77a27b7c62db6cf41cf786cfe2242644a7a337a0e155c80960598baab95", size = 647368, upload-time = "2025-06-05T16:48:21.467Z" },
    { url = "https://files.pythonhosted.org/packages/8e/6a/1e1b5aa10dced4ae876a322155705257748108b7fd2e4fae3f2a091fe81a/greenlet-3.2.3-cp313-cp313-manylinux2014_x86_64.manylinux_2_17_x86_64.whl", hash = "sha256:2d8aa5423cd4a396792f6d4580f88bdc6efcb9205891c9d40d20f6e670992efb", size = 650037, upload-time = "2025-06-05T16:13:06.402Z" },
    { url = "https://files.pythonhosted.org/packages/26/f2/ad51331a157c7015c675702e2d5230c243695c788f8f75feba1af32b3617/greenlet-3.2.3-cp313-cp313-manylinux_2_24_x86_64.manylinux_2_28_x86_64.whl", hash = "sha256:2c724620a101f8170065d7dded3f962a2aea7a7dae133a009cada42847e04a7b", size = 608402, upload-time = "2025-06-05T16:12:51.91Z" },
    { url = "https://files.pythonhosted.org/packages/26/bc/862bd2083e6b3aff23300900a956f4ea9a4059de337f5c8734346b9b34fc/greenlet-3.2.3-cp313-cp313-musllinux_1_1_aarch64.whl", hash = "sha256:873abe55f134c48e1f2a6f53f7d1419192a3d1a4e873bace00499a4e45ea6af0", size = 1119577, upload-time = "2025-06-05T16:36:49.787Z" },
    { url = "https://files.pythonhosted.org/packages/86/94/1fc0cc068cfde885170e01de40a619b00eaa8f2916bf3541744730ffb4c3/greenlet-3.2.3-cp313-cp313-musllinux_1_1_x86_64.whl", hash = "sha256:024571bbce5f2c1cfff08bf3fbaa43bbc7444f580ae13b0099e95d0e6e67ed36", size = 1147121, upload-time = "2025-06-05T16:12:42.527Z" },
    { url = "https://files.pythonhosted.org/packages/27/1a/199f9587e8cb08a0658f9c30f3799244307614148ffe8b1e3aa22f324dea/greenlet-3.2.3-cp313-cp313-win_amd64.whl", hash = "sha256:5195fb1e75e592dd04ce79881c8a22becdfa3e6f500e7feb059b1e6fdd54d3e3", size = 297603, upload-time = "2025-06-05T16:20:12.651Z" },
    { url = "https://files.pythonhosted.org/packages/d8/ca/accd7aa5280eb92b70ed9e8f7fd79dc50a2c21d8c73b9a0856f5b564e222/greenlet-3.2.3-cp314-cp314-macosx_11_0_universal2.whl", hash = "sha256:3d04332dddb10b4a211b68111dabaee2e1a073663d117dc10247b5b1642bac86", size = 271479, upload-time = "2025-06-05T16:10:47.525Z" },
    { url = "https://files.pythonhosted.org/packages/55/71/01ed9895d9eb49223280ecc98a557585edfa56b3d0e965b9fa9f7f06b6d9/greenlet-3.2.3-cp314-cp314-manylinux2014_aarch64.manylinux_2_17_aarch64.whl", hash = "sha256:8186162dffde068a465deab08fc72c767196895c39db26ab1c17c0b77a6d8b97", size = 683952, upload-time = "2025-06-05T16:38:55.125Z" },
    { url = "https://files.pythonhosted.org/packages/ea/61/638c4bdf460c3c678a0a1ef4c200f347dff80719597e53b5edb2fb27ab54/greenlet-3.2.3-cp314-cp314-manylinux2014_ppc64le.manylinux_2_17_ppc64le.whl", hash = "sha256:f4bfbaa6096b1b7a200024784217defedf46a07c2eee1a498e94a1b5f8ec5728", size = 696917, upload-time = "2025-06-05T16:41:38.959Z" },
    { url = "https://files.pythonhosted.org/packages/22/cc/0bd1a7eb759d1f3e3cc2d1bc0f0b487ad3cc9f34d74da4b80f226fde4ec3/greenlet-3.2.3-cp314-cp314-manylinux2014_s390x.manylinux_2_17_s390x.whl", hash = "sha256:ed6cfa9200484d234d8394c70f5492f144b20d4533f69262d530a1a082f6ee9a", size = 692443, upload-time = "2025-06-05T16:48:23.113Z" },
    { url = "https://files.pythonhosted.org/packages/67/10/b2a4b63d3f08362662e89c103f7fe28894a51ae0bc890fabf37d1d780e52/greenlet-3.2.3-cp314-cp314-manylinux2014_x86_64.manylinux_2_17_x86_64.whl", hash = "sha256:02b0df6f63cd15012bed5401b47829cfd2e97052dc89da3cfaf2c779124eb892", size = 692995, upload-time = "2025-06-05T16:13:07.972Z" },
    { url = "https://files.pythonhosted.org/packages/5a/c6/ad82f148a4e3ce9564056453a71529732baf5448ad53fc323e37efe34f66/greenlet-3.2.3-cp314-cp314-manylinux_2_24_x86_64.manylinux_2_28_x86_64.whl", hash = "sha256:86c2d68e87107c1792e2e8d5399acec2487a4e993ab76c792408e59394d52141", size = 655320, upload-time = "2025-06-05T16:12:53.453Z" },
    { url = "https://files.pythonhosted.org/packages/5c/4f/aab73ecaa6b3086a4c89863d94cf26fa84cbff63f52ce9bc4342b3087a06/greenlet-3.2.3-cp314-cp314-win_amd64.whl", hash = "sha256:8c47aae8fbbfcf82cc13327ae802ba13c9c36753b67e760023fd116bc124a62a", size = 301236, upload-time = "2025-06-05T16:15:20.111Z" },
]

[[package]]
name = "icecream"
version = "2.1.5"
source = { registry = "https://pypi.org/simple" }
dependencies = [
    { name = "asttokens" },
    { name = "colorama" },
    { name = "executing" },
    { name = "pygments" },
]
sdist = { url = "https://files.pythonhosted.org/packages/0e/5f/9635c20f14f558768e89b0e20c32ca852640b8973e102ff2f6ee229bbebc/icecream-2.1.5.tar.gz", hash = "sha256:14d21e3383326a69a8c1a3bcf11f83283459f0d269ece5af83fce2c0d663efec", size = 16744, upload-time = "2025-06-25T18:02:31.44Z" }
wheels = [
    { url = "https://files.pythonhosted.org/packages/36/0a/9496191b82b2839cc92fc713a5888931ab301dfcc55b9d5a49665cdb2aa5/icecream-2.1.5-py3-none-any.whl", hash = "sha256:c020917c5cb180a528dbba170250ccd8b74ebc75f2a7a8e839819bf959b9f80c", size = 14378, upload-time = "2025-06-25T18:02:30.262Z" },
]

[[package]]
name = "idna"
version = "3.10"
source = { registry = "https://pypi.org/simple" }
sdist = { url = "https://files.pythonhosted.org/packages/f1/70/7703c29685631f5a7590aa73f1f1d3fa9a380e654b86af429e0934a32f7d/idna-3.10.tar.gz", hash = "sha256:12f65c9b470abda6dc35cf8e63cc574b1c52b11df2c86030af0ac09b01b13ea9", size = 190490, upload-time = "2024-09-15T18:07:39.745Z" }
wheels = [
    { url = "https://files.pythonhosted.org/packages/76/c6/c88e154df9c4e1a2a66ccf0005a88dfb2650c1dffb6f5ce603dfbd452ce3/idna-3.10-py3-none-any.whl", hash = "sha256:946d195a0d259cbba61165e88e65941f16e9b36ea6ddb97f00452bae8b1287d3", size = 70442, upload-time = "2024-09-15T18:07:37.964Z" },
]

[[package]]
name = "numpy"
version = "2.3.1"
source = { registry = "https://pypi.org/simple" }
sdist = { url = "https://files.pythonhosted.org/packages/2e/19/d7c972dfe90a353dbd3efbbe1d14a5951de80c99c9dc1b93cd998d51dc0f/numpy-2.3.1.tar.gz", hash = "sha256:1ec9ae20a4226da374362cca3c62cd753faf2f951440b0e3b98e93c235441d2b", size = 20390372, upload-time = "2025-06-21T12:28:33.469Z" }
wheels = [
    { url = "https://files.pythonhosted.org/packages/d4/bd/35ad97006d8abff8631293f8ea6adf07b0108ce6fec68da3c3fcca1197f2/numpy-2.3.1-cp313-cp313-macosx_10_13_x86_64.whl", hash = "sha256:25a1992b0a3fdcdaec9f552ef10d8103186f5397ab45e2d25f8ac51b1a6b97e8", size = 20889381, upload-time = "2025-06-21T12:19:04.103Z" },
    { url = "https://files.pythonhosted.org/packages/f1/4f/df5923874d8095b6062495b39729178eef4a922119cee32a12ee1bd4664c/numpy-2.3.1-cp313-cp313-macosx_11_0_arm64.whl", hash = "sha256:7dea630156d39b02a63c18f508f85010230409db5b2927ba59c8ba4ab3e8272e", size = 14152726, upload-time = "2025-06-21T12:19:25.599Z" },
    { url = "https://files.pythonhosted.org/packages/8c/0f/a1f269b125806212a876f7efb049b06c6f8772cf0121139f97774cd95626/numpy-2.3.1-cp313-cp313-macosx_14_0_arm64.whl", hash = "sha256:bada6058dd886061f10ea15f230ccf7dfff40572e99fef440a4a857c8728c9c0", size = 5105145, upload-time = "2025-06-21T12:19:34.782Z" },
    { url = "https://files.pythonhosted.org/packages/6d/63/a7f7fd5f375b0361682f6ffbf686787e82b7bbd561268e4f30afad2bb3c0/numpy-2.3.1-cp313-cp313-macosx_14_0_x86_64.whl", hash = "sha256:a894f3816eb17b29e4783e5873f92faf55b710c2519e5c351767c51f79d8526d", size = 6639409, upload-time = "2025-06-21T12:19:45.228Z" },
    { url = "https://files.pythonhosted.org/packages/bf/0d/1854a4121af895aab383f4aa233748f1df4671ef331d898e32426756a8a6/numpy-2.3.1-cp313-cp313-manylinux_2_28_aarch64.whl", hash = "sha256:18703df6c4a4fee55fd3d6e5a253d01c5d33a295409b03fda0c86b3ca2ff41a1", size = 14257630, upload-time = "2025-06-21T12:20:06.544Z" },
    { url = "https://files.pythonhosted.org/packages/50/30/af1b277b443f2fb08acf1c55ce9d68ee540043f158630d62cef012750f9f/numpy-2.3.1-cp313-cp313-manylinux_2_28_x86_64.whl", hash = "sha256:5902660491bd7a48b2ec16c23ccb9124b8abfd9583c5fdfa123fe6b421e03de1", size = 16627546, upload-time = "2025-06-21T12:20:31.002Z" },
    { url = "https://files.pythonhosted.org/packages/6e/ec/3b68220c277e463095342d254c61be8144c31208db18d3fd8ef02712bcd6/numpy-2.3.1-cp313-cp313-musllinux_1_2_aarch64.whl", hash = "sha256:36890eb9e9d2081137bd78d29050ba63b8dab95dff7912eadf1185e80074b2a0", size = 15562538, upload-time = "2025-06-21T12:20:54.322Z" },
    { url = "https://files.pythonhosted.org/packages/77/2b/4014f2bcc4404484021c74d4c5ee8eb3de7e3f7ac75f06672f8dcf85140a/numpy-2.3.1-cp313-cp313-musllinux_1_2_x86_64.whl", hash = "sha256:a780033466159c2270531e2b8ac063704592a0bc62ec4a1b991c7c40705eb0e8", size = 18360327, upload-time = "2025-06-21T12:21:21.053Z" },
    { url = "https://files.pythonhosted.org/packages/40/8d/2ddd6c9b30fcf920837b8672f6c65590c7d92e43084c25fc65edc22e93ca/numpy-2.3.1-cp313-cp313-win32.whl", hash = "sha256:39bff12c076812595c3a306f22bfe49919c5513aa1e0e70fac756a0be7c2a2b8", size = 6312330, upload-time = "2025-06-21T12:25:07.447Z" },
    { url = "https://files.pythonhosted.org/packages/dd/c8/beaba449925988d415efccb45bf977ff8327a02f655090627318f6398c7b/numpy-2.3.1-cp313-cp313-win_amd64.whl", hash = "sha256:8d5ee6eec45f08ce507a6570e06f2f879b374a552087a4179ea7838edbcbfa42", size = 12731565, upload-time = "2025-06-21T12:25:26.444Z" },
    { url = "https://files.pythonhosted.org/packages/0b/c3/5c0c575d7ec78c1126998071f58facfc124006635da75b090805e642c62e/numpy-2.3.1-cp313-cp313-win_arm64.whl", hash = "sha256:0c4d9e0a8368db90f93bd192bfa771ace63137c3488d198ee21dfb8e7771916e", size = 10190262, upload-time = "2025-06-21T12:25:42.196Z" },
    { url = "https://files.pythonhosted.org/packages/ea/19/a029cd335cf72f79d2644dcfc22d90f09caa86265cbbde3b5702ccef6890/numpy-2.3.1-cp313-cp313t-macosx_10_13_x86_64.whl", hash = "sha256:b0b5397374f32ec0649dd98c652a1798192042e715df918c20672c62fb52d4b8", size = 20987593, upload-time = "2025-06-21T12:21:51.664Z" },
    { url = "https://files.pythonhosted.org/packages/25/91/8ea8894406209107d9ce19b66314194675d31761fe2cb3c84fe2eeae2f37/numpy-2.3.1-cp313-cp313t-macosx_11_0_arm64.whl", hash = "sha256:c5bdf2015ccfcee8253fb8be695516ac4457c743473a43290fd36eba6a1777eb", size = 14300523, upload-time = "2025-06-21T12:22:13.583Z" },
    { url = "https://files.pythonhosted.org/packages/a6/7f/06187b0066eefc9e7ce77d5f2ddb4e314a55220ad62dd0bfc9f2c44bac14/numpy-2.3.1-cp313-cp313t-macosx_14_0_arm64.whl", hash = "sha256:d70f20df7f08b90a2062c1f07737dd340adccf2068d0f1b9b3d56e2038979fee", size = 5227993, upload-time = "2025-06-21T12:22:22.53Z" },
    { url = "https://files.pythonhosted.org/packages/e8/ec/a926c293c605fa75e9cfb09f1e4840098ed46d2edaa6e2152ee35dc01ed3/numpy-2.3.1-cp313-cp313t-macosx_14_0_x86_64.whl", hash = "sha256:2fb86b7e58f9ac50e1e9dd1290154107e47d1eef23a0ae9145ded06ea606f992", size = 6736652, upload-time = "2025-06-21T12:22:33.629Z" },
    { url = "https://files.pythonhosted.org/packages/e3/62/d68e52fb6fde5586650d4c0ce0b05ff3a48ad4df4ffd1b8866479d1d671d/numpy-2.3.1-cp313-cp313t-manylinux_2_28_aarch64.whl", hash = "sha256:23ab05b2d241f76cb883ce8b9a93a680752fbfcbd51c50eff0b88b979e471d8c", size = 14331561, upload-time = "2025-06-21T12:22:55.056Z" },
    { url = "https://files.pythonhosted.org/packages/fc/ec/b74d3f2430960044bdad6900d9f5edc2dc0fb8bf5a0be0f65287bf2cbe27/numpy-2.3.1-cp313-cp313t-manylinux_2_28_x86_64.whl", hash = "sha256:ce2ce9e5de4703a673e705183f64fd5da5bf36e7beddcb63a25ee2286e71ca48", size = 16693349, upload-time = "2025-06-21T12:23:20.53Z" },
    { url = "https://files.pythonhosted.org/packages/0d/15/def96774b9d7eb198ddadfcbd20281b20ebb510580419197e225f5c55c3e/numpy-2.3.1-cp313-cp313t-musllinux_1_2_aarch64.whl", hash = "sha256:c4913079974eeb5c16ccfd2b1f09354b8fed7e0d6f2cab933104a09a6419b1ee", size = 15642053, upload-time = "2025-06-21T12:23:43.697Z" },
    { url = "https://files.pythonhosted.org/packages/2b/57/c3203974762a759540c6ae71d0ea2341c1fa41d84e4971a8e76d7141678a/numpy-2.3.1-cp313-cp313t-musllinux_1_2_x86_64.whl", hash = "sha256:010ce9b4f00d5c036053ca684c77441f2f2c934fd23bee058b4d6f196efd8280", size = 18434184, upload-time = "2025-06-21T12:24:10.708Z" },
    { url = "https://files.pythonhosted.org/packages/22/8a/ccdf201457ed8ac6245187850aff4ca56a79edbea4829f4e9f14d46fa9a5/numpy-2.3.1-cp313-cp313t-win32.whl", hash = "sha256:6269b9edfe32912584ec496d91b00b6d34282ca1d07eb10e82dfc780907d6c2e", size = 6440678, upload-time = "2025-06-21T12:24:21.596Z" },
    { url = "https://files.pythonhosted.org/packages/f1/7e/7f431d8bd8eb7e03d79294aed238b1b0b174b3148570d03a8a8a8f6a0da9/numpy-2.3.1-cp313-cp313t-win_amd64.whl", hash = "sha256:2a809637460e88a113e186e87f228d74ae2852a2e0c44de275263376f17b5bdc", size = 12870697, upload-time = "2025-06-21T12:24:40.644Z" },
    { url = "https://files.pythonhosted.org/packages/d4/ca/af82bf0fad4c3e573c6930ed743b5308492ff19917c7caaf2f9b6f9e2e98/numpy-2.3.1-cp313-cp313t-win_arm64.whl", hash = "sha256:eccb9a159db9aed60800187bc47a6d3451553f0e1b08b068d8b277ddfbb9b244", size = 10260376, upload-time = "2025-06-21T12:24:56.884Z" },
]

[[package]]
name = "openpyxl"
version = "3.1.5"
source = { registry = "https://pypi.org/simple" }
dependencies = [
    { name = "et-xmlfile" },
]
sdist = { url = "https://files.pythonhosted.org/packages/3d/f9/88d94a75de065ea32619465d2f77b29a0469500e99012523b91cc4141cd1/openpyxl-3.1.5.tar.gz", hash = "sha256:cf0e3cf56142039133628b5acffe8ef0c12bc902d2aadd3e0fe5878dc08d1050", size = 186464, upload-time = "2024-06-28T14:03:44.161Z" }
wheels = [
    { url = "https://files.pythonhosted.org/packages/c0/da/977ded879c29cbd04de313843e76868e6e13408a94ed6b987245dc7c8506/openpyxl-3.1.5-py2.py3-none-any.whl", hash = "sha256:5282c12b107bffeef825f4617dc029afaf41d0ea60823bbb665ef3079dc79de2", size = 250910, upload-time = "2024-06-28T14:03:41.161Z" },
]

[[package]]
name = "pandas"
version = "2.3.1"
source = { registry = "https://pypi.org/simple" }
dependencies = [
    { name = "numpy" },
    { name = "python-dateutil" },
    { name = "pytz" },
    { name = "tzdata" },
]
sdist = { url = "https://files.pythonhosted.org/packages/d1/6f/75aa71f8a14267117adeeed5d21b204770189c0a0025acbdc03c337b28fc/pandas-2.3.1.tar.gz", hash = "sha256:0a95b9ac964fe83ce317827f80304d37388ea77616b1425f0ae41c9d2d0d7bb2", size = 4487493, upload-time = "2025-07-07T19:20:04.079Z" }
wheels = [
    { url = "https://files.pythonhosted.org/packages/32/ed/ff0a67a2c5505e1854e6715586ac6693dd860fbf52ef9f81edee200266e7/pandas-2.3.1-cp313-cp313-macosx_10_13_x86_64.whl", hash = "sha256:9026bd4a80108fac2239294a15ef9003c4ee191a0f64b90f170b40cfb7cf2d22", size = 11531393, upload-time = "2025-07-07T19:19:12.245Z" },
    { url = "https://files.pythonhosted.org/packages/c7/db/d8f24a7cc9fb0972adab0cc80b6817e8bef888cfd0024eeb5a21c0bb5c4a/pandas-2.3.1-cp313-cp313-macosx_11_0_arm64.whl", hash = "sha256:6de8547d4fdb12421e2d047a2c446c623ff4c11f47fddb6b9169eb98ffba485a", size = 10668750, upload-time = "2025-07-07T19:19:14.612Z" },
    { url = "https://files.pythonhosted.org/packages/0f/b0/80f6ec783313f1e2356b28b4fd8d2148c378370045da918c73145e6aab50/pandas-2.3.1-cp313-cp313-manylinux_2_17_aarch64.manylinux2014_aarch64.whl", hash = "sha256:782647ddc63c83133b2506912cc6b108140a38a37292102aaa19c81c83db2928", size = 11342004, upload-time = "2025-07-07T19:19:16.857Z" },
    { url = "https://files.pythonhosted.org/packages/e9/e2/20a317688435470872885e7fc8f95109ae9683dec7c50be29b56911515a5/pandas-2.3.1-cp313-cp313-manylinux_2_17_x86_64.manylinux2014_x86_64.whl", hash = "sha256:2ba6aff74075311fc88504b1db890187a3cd0f887a5b10f5525f8e2ef55bfdb9", size = 12050869, upload-time = "2025-07-07T19:19:19.265Z" },
    { url = "https://files.pythonhosted.org/packages/55/79/20d746b0a96c67203a5bee5fb4e00ac49c3e8009a39e1f78de264ecc5729/pandas-2.3.1-cp313-cp313-musllinux_1_2_aarch64.whl", hash = "sha256:e5635178b387bd2ba4ac040f82bc2ef6e6b500483975c4ebacd34bec945fda12", size = 12750218, upload-time = "2025-07-07T19:19:21.547Z" },
    { url = "https://files.pythonhosted.org/packages/7c/0f/145c8b41e48dbf03dd18fdd7f24f8ba95b8254a97a3379048378f33e7838/pandas-2.3.1-cp313-cp313-musllinux_1_2_x86_64.whl", hash = "sha256:6f3bf5ec947526106399a9e1d26d40ee2b259c66422efdf4de63c848492d91bb", size = 13416763, upload-time = "2025-07-07T19:19:23.939Z" },
    { url = "https://files.pythonhosted.org/packages/b2/c0/54415af59db5cdd86a3d3bf79863e8cc3fa9ed265f0745254061ac09d5f2/pandas-2.3.1-cp313-cp313-win_amd64.whl", hash = "sha256:1c78cf43c8fde236342a1cb2c34bcff89564a7bfed7e474ed2fffa6aed03a956", size = 10987482, upload-time = "2025-07-07T19:19:42.699Z" },
    { url = "https://files.pythonhosted.org/packages/48/64/2fd2e400073a1230e13b8cd604c9bc95d9e3b962e5d44088ead2e8f0cfec/pandas-2.3.1-cp313-cp313t-macosx_10_13_x86_64.whl", hash = "sha256:8dfc17328e8da77be3cf9f47509e5637ba8f137148ed0e9b5241e1baf526e20a", size = 12029159, upload-time = "2025-07-07T19:19:26.362Z" },
    { url = "https://files.pythonhosted.org/packages/d8/0a/d84fd79b0293b7ef88c760d7dca69828d867c89b6d9bc52d6a27e4d87316/pandas-2.3.1-cp313-cp313t-macosx_11_0_arm64.whl", hash = "sha256:ec6c851509364c59a5344458ab935e6451b31b818be467eb24b0fe89bd05b6b9", size = 11393287, upload-time = "2025-07-07T19:19:29.157Z" },
    { url = "https://files.pythonhosted.org/packages/50/ae/ff885d2b6e88f3c7520bb74ba319268b42f05d7e583b5dded9837da2723f/pandas-2.3.1-cp313-cp313t-manylinux_2_17_aarch64.manylinux2014_aarch64.whl", hash = "sha256:911580460fc4884d9b05254b38a6bfadddfcc6aaef856fb5859e7ca202e45275", size = 11309381, upload-time = "2025-07-07T19:19:31.436Z" },
    { url = "https://files.pythonhosted.org/packages/85/86/1fa345fc17caf5d7780d2699985c03dbe186c68fee00b526813939062bb0/pandas-2.3.1-cp313-cp313t-manylinux_2_17_x86_64.manylinux2014_x86_64.whl", hash = "sha256:2f4d6feeba91744872a600e6edbbd5b033005b431d5ae8379abee5bcfa479fab", size = 11883998, upload-time = "2025-07-07T19:19:34.267Z" },
    { url = "https://files.pythonhosted.org/packages/81/aa/e58541a49b5e6310d89474333e994ee57fea97c8aaa8fc7f00b873059bbf/pandas-2.3.1-cp313-cp313t-musllinux_1_2_aarch64.whl", hash = "sha256:fe37e757f462d31a9cd7580236a82f353f5713a80e059a29753cf938c6775d96", size = 12704705, upload-time = "2025-07-07T19:19:36.856Z" },
    { url = "https://files.pythonhosted.org/packages/d5/f9/07086f5b0f2a19872554abeea7658200824f5835c58a106fa8f2ae96a46c/pandas-2.3.1-cp313-cp313t-musllinux_1_2_x86_64.whl", hash = "sha256:5db9637dbc24b631ff3707269ae4559bce4b7fd75c1c4d7e13f40edc42df4444", size = 13189044, upload-time = "2025-07-07T19:19:39.999Z" },
]

[[package]]
name = "psycopg2"
version = "2.9.10"
source = { registry = "https://pypi.org/simple" }
sdist = { url = "https://files.pythonhosted.org/packages/62/51/2007ea29e605957a17ac6357115d0c1a1b60c8c984951c19419b3474cdfd/psycopg2-2.9.10.tar.gz", hash = "sha256:12ec0b40b0273f95296233e8750441339298e6a572f7039da5b260e3c8b60e11", size = 385672, upload-time = "2024-10-16T11:24:54.832Z" }
wheels = [
    { url = "https://files.pythonhosted.org/packages/ae/49/a6cfc94a9c483b1fa401fbcb23aca7892f60c7269c5ffa2ac408364f80dc/psycopg2-2.9.10-cp313-cp313-win_amd64.whl", hash = "sha256:91fd603a2155da8d0cfcdbf8ab24a2d54bca72795b90d2a3ed2b6da8d979dee2", size = 2569060, upload-time = "2025-01-04T20:09:15.28Z" },
]

[[package]]
name = "pygments"
version = "2.19.2"
source = { registry = "https://pypi.org/simple" }
sdist = { url = "https://files.pythonhosted.org/packages/b0/77/a5b8c569bf593b0140bde72ea885a803b82086995367bf2037de0159d924/pygments-2.19.2.tar.gz", hash = "sha256:636cb2477cec7f8952536970bc533bc43743542f70392ae026374600add5b887", size = 4968631, upload-time = "2025-06-21T13:39:12.283Z" }
wheels = [
    { url = "https://files.pythonhosted.org/packages/c7/21/705964c7812476f378728bdf590ca4b771ec72385c533964653c68e86bdc/pygments-2.19.2-py3-none-any.whl", hash = "sha256:86540386c03d588bb81d44bc3928634ff26449851e99741617ecb9037ee5ec0b", size = 1225217, upload-time = "2025-06-21T13:39:07.939Z" },
]

[[package]]
name = "python-dateutil"
version = "2.9.0.post0"
source = { registry = "https://pypi.org/simple" }
dependencies = [
    { name = "six" },
]
sdist = { url = "https://files.pythonhosted.org/packages/66/c0/0c8b6ad9f17a802ee498c46e004a0eb49bc148f2fd230864601a86dcf6db/python-dateutil-2.9.0.post0.tar.gz", hash = "sha256:37dd54208da7e1cd875388217d5e00ebd4179249f90fb72437e91a35459a0ad3", size = 342432, upload-time = "2024-03-01T18:36:20.211Z" }
wheels = [
    { url = "https://files.pythonhosted.org/packages/ec/57/56b9bcc3c9c6a792fcbaf139543cee77261f3651ca9da0c93f5c1221264b/python_dateutil-2.9.0.post0-py2.py3-none-any.whl", hash = "sha256:a8b2bc7bffae282281c8140a97d3aa9c14da0b136dfe83f850eea9a5f7470427", size = 229892, upload-time = "2024-03-01T18:36:18.57Z" },
]

[[package]]
name = "pytz"
version = "2025.2"
source = { registry = "https://pypi.org/simple" }
sdist = { url = "https://files.pythonhosted.org/packages/f8/bf/abbd3cdfb8fbc7fb3d4d38d320f2441b1e7cbe29be4f23797b4a2b5d8aac/pytz-2025.2.tar.gz", hash = "sha256:360b9e3dbb49a209c21ad61809c7fb453643e048b38924c765813546746e81c3", size = 320884, upload-time = "2025-03-25T02:25:00.538Z" }
wheels = [
    { url = "https://files.pythonhosted.org/packages/81/c4/34e93fe5f5429d7570ec1fa436f1986fb1f00c3e0f43a589fe2bbcd22c3f/pytz-2025.2-py2.py3-none-any.whl", hash = "sha256:5ddf76296dd8c44c26eb8f4b6f35488f3ccbf6fbbd7adee0b7262d43f0ec2f00", size = 509225, upload-time = "2025-03-25T02:24:58.468Z" },
]

[[package]]
name = "requests"
version = "2.32.4"
source = { registry = "https://pypi.org/simple" }
dependencies = [
    { name = "certifi" },
    { name = "charset-normalizer" },
    { name = "idna" },
    { name = "urllib3" },
]
sdist = { url = "https://files.pythonhosted.org/packages/e1/0a/929373653770d8a0d7ea76c37de6e41f11eb07559b103b1c02cafb3f7cf8/requests-2.32.4.tar.gz", hash = "sha256:27d0316682c8a29834d3264820024b62a36942083d52caf2f14c0591336d3422", size = 135258, upload-time = "2025-06-09T16:43:07.34Z" }
wheels = [
    { url = "https://files.pythonhosted.org/packages/7c/e4/56027c4a6b4ae70ca9de302488c5ca95ad4a39e190093d6c1a8ace08341b/requests-2.32.4-py3-none-any.whl", hash = "sha256:27babd3cda2a6d50b30443204ee89830707d396671944c998b5975b031ac2b2c", size = 64847, upload-time = "2025-06-09T16:43:05.728Z" },
]

[[package]]
name = "six"
version = "1.17.0"
source = { registry = "https://pypi.org/simple" }
sdist = { url = "https://files.pythonhosted.org/packages/94/e7/b2c673351809dca68a0e064b6af791aa332cf192da575fd474ed7d6f16a2/six-1.17.0.tar.gz", hash = "sha256:ff70335d468e7eb6ec65b95b99d3a2836546063f63acc5171de367e834932a81", size = 34031, upload-time = "2024-12-04T17:35:28.174Z" }
wheels = [
    { url = "https://files.pythonhosted.org/packages/b7/ce/149a00dd41f10bc29e5921b496af8b574d8413afcd5e30dfa0ed46c2cc5e/six-1.17.0-py2.py3-none-any.whl", hash = "sha256:4721f391ed90541fddacab5acf947aa0d3dc7d27b2e1e8eda2be8970586c3274", size = 11050, upload-time = "2024-12-04T17:35:26.475Z" },
]

[[package]]
name = "sqlalchemy"
version = "2.0.41"
source = { registry = "https://pypi.org/simple" }
dependencies = [
    { name = "greenlet", marker = "(python_full_version < '3.14' and platform_machine == 'AMD64') or (python_full_version < '3.14' and platform_machine == 'WIN32') or (python_full_version < '3.14' and platform_machine == 'aarch64') or (python_full_version < '3.14' and platform_machine == 'amd64') or (python_full_version < '3.14' and platform_machine == 'ppc64le') or (python_full_version < '3.14' and platform_machine == 'win32') or (python_full_version < '3.14' and platform_machine == 'x86_64')" },
    { name = "typing-extensions" },
]
sdist = { url = "https://files.pythonhosted.org/packages/63/66/45b165c595ec89aa7dcc2c1cd222ab269bc753f1fc7a1e68f8481bd957bf/sqlalchemy-2.0.41.tar.gz", hash = "sha256:edba70118c4be3c2b1f90754d308d0b79c6fe2c0fdc52d8ddf603916f83f4db9", size = 9689424, upload-time = "2025-05-14T17:10:32.339Z" }
wheels = [
    { url = "https://files.pythonhosted.org/packages/d3/ad/2e1c6d4f235a97eeef52d0200d8ddda16f6c4dd70ae5ad88c46963440480/sqlalchemy-2.0.41-cp313-cp313-macosx_10_13_x86_64.whl", hash = "sha256:4eeb195cdedaf17aab6b247894ff2734dcead6c08f748e617bfe05bd5a218443", size = 2115491, upload-time = "2025-05-14T17:55:31.177Z" },
    { url = "https://files.pythonhosted.org/packages/cf/8d/be490e5db8400dacc89056f78a52d44b04fbf75e8439569d5b879623a53b/sqlalchemy-2.0.41-cp313-cp313-macosx_11_0_arm64.whl", hash = "sha256:d4ae769b9c1c7757e4ccce94b0641bc203bbdf43ba7a2413ab2523d8d047d8dc", size = 2102827, upload-time = "2025-05-14T17:55:34.921Z" },
    { url = "https://files.pythonhosted.org/packages/a0/72/c97ad430f0b0e78efaf2791342e13ffeafcbb3c06242f01a3bb8fe44f65d/sqlalchemy-2.0.41-cp313-cp313-manylinux_2_17_aarch64.manylinux2014_aarch64.whl", hash = "sha256:a62448526dd9ed3e3beedc93df9bb6b55a436ed1474db31a2af13b313a70a7e1", size = 3225224, upload-time = "2025-05-14T17:50:41.418Z" },
    { url = "https://files.pythonhosted.org/packages/5e/51/5ba9ea3246ea068630acf35a6ba0d181e99f1af1afd17e159eac7e8bc2b8/sqlalchemy-2.0.41-cp313-cp313-manylinux_2_17_x86_64.manylinux2014_x86_64.whl", hash = "sha256:dc56c9788617b8964ad02e8fcfeed4001c1f8ba91a9e1f31483c0dffb207002a", size = 3230045, upload-time = "2025-05-14T17:51:54.722Z" },
    { url = "https://files.pythonhosted.org/packages/78/2f/8c14443b2acea700c62f9b4a8bad9e49fc1b65cfb260edead71fd38e9f19/sqlalchemy-2.0.41-cp313-cp313-musllinux_1_2_aarch64.whl", hash = "sha256:c153265408d18de4cc5ded1941dcd8315894572cddd3c58df5d5b5705b3fa28d", size = 3159357, upload-time = "2025-05-14T17:50:43.483Z" },
    { url = "https://files.pythonhosted.org/packages/fc/b2/43eacbf6ccc5276d76cea18cb7c3d73e294d6fb21f9ff8b4eef9b42bbfd5/sqlalchemy-2.0.41-cp313-cp313-musllinux_1_2_x86_64.whl", hash = "sha256:4f67766965996e63bb46cfbf2ce5355fc32d9dd3b8ad7e536a920ff9ee422e23", size = 3197511, upload-time = "2025-05-14T17:51:57.308Z" },
    { url = "https://files.pythonhosted.org/packages/fa/2e/677c17c5d6a004c3c45334ab1dbe7b7deb834430b282b8a0f75ae220c8eb/sqlalchemy-2.0.41-cp313-cp313-win32.whl", hash = "sha256:bfc9064f6658a3d1cadeaa0ba07570b83ce6801a1314985bf98ec9b95d74e15f", size = 2082420, upload-time = "2025-05-14T17:55:52.69Z" },
    { url = "https://files.pythonhosted.org/packages/e9/61/e8c1b9b6307c57157d328dd8b8348ddc4c47ffdf1279365a13b2b98b8049/sqlalchemy-2.0.41-cp313-cp313-win_amd64.whl", hash = "sha256:82ca366a844eb551daff9d2e6e7a9e5e76d2612c8564f58db6c19a726869c1df", size = 2108329, upload-time = "2025-05-14T17:55:54.495Z" },
    { url = "https://files.pythonhosted.org/packages/1c/fc/9ba22f01b5cdacc8f5ed0d22304718d2c758fce3fd49a5372b886a86f37c/sqlalchemy-2.0.41-py3-none-any.whl", hash = "sha256:57df5dc6fdb5ed1a88a1ed2195fd31927e705cad62dedd86b46972752a80f576", size = 1911224, upload-time = "2025-05-14T17:39:42.154Z" },
]

[[package]]
name = "tqdm"
version = "4.67.1"
source = { registry = "https://pypi.org/simple" }
dependencies = [
    { name = "colorama", marker = "sys_platform == 'win32'" },
]
sdist = { url = "https://files.pythonhosted.org/packages/a8/4b/29b4ef32e036bb34e4ab51796dd745cdba7ed47ad142a9f4a1eb8e0c744d/tqdm-4.67.1.tar.gz", hash = "sha256:f8aef9c52c08c13a65f30ea34f4e5aac3fd1a34959879d7e59e63027286627f2", size = 169737, upload-time = "2024-11-24T20:12:22.481Z" }
wheels = [
    { url = "https://files.pythonhosted.org/packages/d0/30/dc54f88dd4a2b5dc8a0279bdd7270e735851848b762aeb1c1184ed1f6b14/tqdm-4.67.1-py3-none-any.whl", hash = "sha256:26445eca388f82e72884e0d580d5464cd801a3ea01e63e5601bdff9ba6a48de2", size = 78540, upload-time = "2024-11-24T20:12:19.698Z" },
]

[[package]]
name = "typing-extensions"
version = "4.14.1"
source = { registry = "https://pypi.org/simple" }
sdist = { url = "https://files.pythonhosted.org/packages/98/5a/da40306b885cc8c09109dc2e1abd358d5684b1425678151cdaed4731c822/typing_extensions-4.14.1.tar.gz", hash = "sha256:38b39f4aeeab64884ce9f74c94263ef78f3c22467c8724005483154c26648d36", size = 107673, upload-time = "2025-07-04T13:28:34.16Z" }
wheels = [
    { url = "https://files.pythonhosted.org/packages/b5/00/d631e67a838026495268c2f6884f3711a15a9a2a96cd244fdaea53b823fb/typing_extensions-4.14.1-py3-none-any.whl", hash = "sha256:d1e1e3b58374dc93031d6eda2420a48ea44a36c2b4766a4fdeb3710755731d76", size = 43906, upload-time = "2025-07-04T13:28:32.743Z" },
]

[[package]]
name = "tzdata"
version = "2025.2"
source = { registry = "https://pypi.org/simple" }
sdist = { url = "https://files.pythonhosted.org/packages/95/32/1a225d6164441be760d75c2c42e2780dc0873fe382da3e98a2e1e48361e5/tzdata-2025.2.tar.gz", hash = "sha256:b60a638fcc0daffadf82fe0f57e53d06bdec2f36c4df66280ae79bce6bd6f2b9", size = 196380, upload-time = "2025-03-23T13:54:43.652Z" }
wheels = [
    { url = "https://files.pythonhosted.org/packages/5c/23/c7abc0ca0a1526a0774eca151daeb8de62ec457e77262b66b359c3c7679e/tzdata-2025.2-py2.py3-none-any.whl", hash = "sha256:1a403fada01ff9221ca8044d701868fa132215d84beb92242d9acd2147f667a8", size = 347839, upload-time = "2025-03-23T13:54:41.845Z" },
]

[[package]]
name = "urllib3"
version = "2.5.0"
source = { registry = "https://pypi.org/simple" }
sdist = { url = "https://files.pythonhosted.org/packages/15/22/9ee70a2574a4f4599c47dd506532914ce044817c7752a79b6a51286319bc/urllib3-2.5.0.tar.gz", hash = "sha256:3fc47733c7e419d4bc3f6b3dc2b4f890bb743906a30d56ba4a5bfa4bbff92760", size = 393185, upload-time = "2025-06-18T14:07:41.644Z" }
wheels = [
    { url = "https://files.pythonhosted.org/packages/a7/c2/fe1e52489ae3122415c51f387e221dd0773709bad6c6cdaa599e8a2c5185/urllib3-2.5.0-py3-none-any.whl", hash = "sha256:e6b01673c0fa6a13e374b50871808eb3bf7046c4b125b216f6bf1cc604cff0dc", size = 129795, upload-time = "2025-06-18T14:07:40.39Z" },
]

[[package]]
name = "xlsxwriter"
version = "3.2.5"
source = { registry = "https://pypi.org/simple" }
sdist = { url = "https://files.pythonhosted.org/packages/a7/47/7704bac42ac6fe1710ae099b70e6a1e68ed173ef14792b647808c357da43/xlsxwriter-3.2.5.tar.gz", hash = "sha256:7e88469d607cdc920151c0ab3ce9cf1a83992d4b7bc730c5ffdd1a12115a7dbe", size = 213306, upload-time = "2025-06-17T08:59:14.619Z" }
wheels = [
    { url = "https://files.pythonhosted.org/packages/fa/34/a22e6664211f0c8879521328000bdcae9bf6dbafa94a923e531f6d5b3f73/xlsxwriter-3.2.5-py3-none-any.whl", hash = "sha256:4f4824234e1eaf9d95df9a8fe974585ff91d0f5e3d3f12ace5b71e443c1c6abd", size = 172347, upload-time = "2025-06-17T08:59:13.453Z" },
]
